
Microsoft Visual Studio Solution File, Format Version 12.00
# Visual Studio Version 17
VisualStudioVersion = 17.9.34728.123
MinimumVisualStudioVersion = 10.0.40219.1
Project("{9A19103F-16F7-4668-BE54-9A1E7A4F7556}") = "ComparisonTool.Web", "ComparisonTool.Web\ComparisonTool.Web.csproj", "{A51503B6-4A31-4B11-BCE8-FDABFC345522}"
EndProject
Project("{9A19103F-16F7-4668-BE54-9A1E7A4F7556}") = "ComparisonTool.Core", "ComparisonTool.Core\ComparisonTool.Core.csproj", "{D761EDFF-6F6F-4C97-B8A0-0E91B71BC9A7}"
EndProject
Project("{2150E333-8FDC-42A3-9474-1A3956D46DE8}") = "Documentation", "Documentation", "{8910787B-92E2-4F84-985A-360AA7BE1E8B}"
	ProjectSection(SolutionItems) = preProject
		README.md = README.md
	EndProjectSection
EndProject
Project("{FAE04EC0-301F-11D3-BF4B-00C04F79EFBC}") = "ComparisonTool.Domain", "ComparisonTool.Domain\ComparisonTool.Domain.csproj", "{B7F5888C-A833-4D06-A924-AAA7EA122AB8}"
EndProject
Project("{FAE04EC0-301F-11D3-BF4B-00C04F79EFBC}") = "ComparisonTool.TestDataGenerator", "ComparisonTool.TestDataGenerator\ComparisonTool.TestDataGenerator.csproj", "{A9BABB0F-5072-479A-B6FF-8919D0F25ECA}"
EndProject
Project("{FAE04EC0-301F-11D3-BF4B-00C04F79EFBC}") = "ComparisonTool.Tests", "ComparisonTool.Tests\ComparisonTool.Tests.csproj", "{B8F5888C-A833-4D06-A924-AAA7EA122AB9}"
EndProject
Project("{9A19103F-16F7-4668-BE54-9A1E7A4F7556}") = "ComparisonTool.MockApi", "ComparisonTool.MockApi\ComparisonTool.MockApi.csproj", "{F1E1D1C1-8C6C-4B7D-9C38-8E2A3B9FAAF2}"
EndProject
Project("{2150E333-8FDC-42A3-9474-1A3956D46DE8}") = "Build", "Build", "{02EA681E-C7D8-13C7-8484-4AC65E1B71E8}"
	ProjectSection(SolutionItems) = preProject
		.github\workflows\ci.yml = .github\workflows\ci.yml
	EndProjectSection
EndProject
Project("{FAE04EC0-301F-11D3-BF4B-00C04F79EFBC}") = "ComparisonTool.Cli", "ComparisonTool.Cli\ComparisonTool.Cli.csproj", "{D5D9A02F-B12C-4CF1-ABCF-9FC073C7657A}"
EndProject
Project("{9A19103F-16F7-4668-BE54-9A1E7A4F7556}") = "ComparisonTool.UI", "ComparisonTool.UI\ComparisonTool.UI.csproj", "{E1A2B3C4-D5E6-4F78-9A0B-1C2D3E4F5A6B}"
EndProject
Project("{9A19103F-16F7-4668-BE54-9A1E7A4F7556}") = "ComparisonTool.Desktop", "ComparisonTool.Desktop\ComparisonTool.Desktop.csproj", "{F2B3C4D5-E6F7-4A89-0B1C-2D3E4F5A6B7C}"
EndProject
Project("{FAE04EC0-301F-11D3-BF4B-00C04F79EFBC}") = "ComparisonTool.Report", "ComparisonTool.Report\ComparisonTool.Report.csproj", "{590CCBC1-3445-4888-8ED3-F277EE442B9B}"
EndProject
Project("{FAE04EC0-301F-11D3-BF4B-00C04F79EFBC}") = "ComparisonTool.E2E.Tests", "ComparisonTool.E2E.Tests\ComparisonTool.E2E.Tests.csproj", "{AB283E7F-B093-4752-AE98-9D3480B7E822}"
EndProject
Project("{2150E333-8FDC-42A3-9474-1A3956D46DE8}") = "Tests", "Tests", "{8E88254D-F281-406C-BC49-73F9496694F1}"
EndProject
Project("{2150E333-8FDC-42A3-9474-1A3956D46DE8}") = "Source", "Source", "{91B80139-2A7B-4E18-9DE6-988C595E8DF2}"
EndProject
Project("{2150E333-8FDC-42A3-9474-1A3956D46DE8}") = "Tools", "Tools", "{CA6A6F2F-E6CA-4864-BE48-1B7584E63C37}"
EndProject
Project("{2150E333-8FDC-42A3-9474-1A3956D46DE8}") = "V2", "V2", "{1C27213A-37EF-46CC-9983-275BC07EE158}"
EndProject
Project("{FAE04EC0-301F-11D3-BF4B-00C04F79EFBC}") = "ParityBench.NET.Domain", "Source\ParityBench.NET.Domain\ParityBench.NET.Domain.csproj", "{7B361F91-7692-4F02-A6FA-9902E9528311}"
EndProject
Project("{FAE04EC0-301F-11D3-BF4B-00C04F79EFBC}") = "ParityBench.NET.Application", "Source\ParityBench.NET.Application\ParityBench.NET.Application.csproj", "{2F16F981-E9A9-45D2-A722-8E6E1E15C11E}"
EndProject
Project("{FAE04EC0-301F-11D3-BF4B-00C04F79EFBC}") = "ParityBench.NET.Engine", "Source\ParityBench.NET.Engine\ParityBench.NET.Engine.csproj", "{51111309-D08E-4B05-BD41-C6BE1017DE98}"
EndProject
Project("{FAE04EC0-301F-11D3-BF4B-00C04F79EFBC}") = "ParityBench.NET.Workspaces", "Source\ParityBench.NET.Workspaces\ParityBench.NET.Workspaces.csproj", "{2E67AB1D-82F9-4A78-8173-404C8687ED5A}"
EndProject
Project("{FAE04EC0-301F-11D3-BF4B-00C04F79EFBC}") = "ParityBench.NET.Infrastructure", "Source\ParityBench.NET.Infrastructure\ParityBench.NET.Infrastructure.csproj", "{FBCDA65F-D7BB-475A-A3DA-1EEEFAAA777C}"
EndProject
Project("{FAE04EC0-301F-11D3-BF4B-00C04F79EFBC}") = "ParityBench.NET.UI", "Source\ParityBench.NET.UI\ParityBench.NET.UI.csproj", "{178DBE11-0ED1-4EFC-8241-3042E282D6DD}"
EndProject
Project("{FAE04EC0-301F-11D3-BF4B-00C04F79EFBC}") = "ParityBench.NET.Domain.Tests", "Tests\ParityBench.NET.Domain.Tests\ParityBench.NET.Domain.Tests.csproj", "{D7177044-2BEC-447C-8026-2C010667D62F}"
EndProject
Project("{FAE04EC0-301F-11D3-BF4B-00C04F79EFBC}") = "ParityBench.NET.Application.Tests", "Tests\ParityBench.NET.Application.Tests\ParityBench.NET.Application.Tests.csproj", "{8055928C-3505-4366-8E9A-8356DF8A317F}"
EndProject
Project("{FAE04EC0-301F-11D3-BF4B-00C04F79EFBC}") = "ParityBench.NET.Engine.Tests", "Tests\ParityBench.NET.Engine.Tests\ParityBench.NET.Engine.Tests.csproj", "{FAFE5FE2-8C32-4C14-8030-AF4A674FD9DC}"
EndProject
Project("{FAE04EC0-301F-11D3-BF4B-00C04F79EFBC}") = "ParityBench.NET.Workspaces.Tests", "Tests\ParityBench.NET.Workspaces.Tests\ParityBench.NET.Workspaces.Tests.csproj", "{73C0217D-97F4-4F98-90F1-9963ADFE8185}"
EndProject
Project("{FAE04EC0-301F-11D3-BF4B-00C04F79EFBC}") = "ParityBench.NET.Infrastructure.Tests", "Tests\ParityBench.NET.Infrastructure.Tests\ParityBench.NET.Infrastructure.Tests.csproj", "{68EEE893-0B81-4652-993B-1147ED3BD91E}"
EndProject
Project("{FAE04EC0-301F-11D3-BF4B-00C04F79EFBC}") = "ParityBench.NET.UI.Tests", "Tests\ParityBench.NET.UI.Tests\ParityBench.NET.UI.Tests.csproj", "{400705E8-89BC-4DB0-A05A-68DABED7EE5E}"
EndProject
Global
	GlobalSection(SolutionConfigurationPlatforms) = preSolution
		Debug|Any CPU = Debug|Any CPU
		Debug|x64 = Debug|x64
		Debug|x86 = Debug|x86
		Release|Any CPU = Release|Any CPU
		Release|x64 = Release|x64
		Release|x86 = Release|x86
	EndGlobalSection
	GlobalSection(ProjectConfigurationPlatforms) = postSolution
		{A51503B6-4A31-4B11-BCE8-FDABFC345522}.Debug|Any CPU.ActiveCfg = Debug|Any CPU
		{A51503B6-4A31-4B11-BCE8-FDABFC345522}.Debug|Any CPU.Build.0 = Debug|Any CPU
		{A51503B6-4A31-4B11-BCE8-FDABFC345522}.Debug|x64.ActiveCfg = Debug|Any CPU
		{A51503B6-4A31-4B11-BCE8-FDABFC345522}.Debug|x64.Build.0 = Debug|Any CPU
		{A51503B6-4A31-4B11-BCE8-FDABFC345522}.Debug|x86.ActiveCfg = Debug|Any CPU
		{A51503B6-4A31-4B11-BCE8-FDABFC345522}.Debug|x86.Build.0 = Debug|Any CPU
		{A51503B6-4A31-4B11-BCE8-FDABFC345522}.Release|Any CPU.ActiveCfg = Release|Any CPU
		{A51503B6-4A31-4B11-BCE8-FDABFC345522}.Release|Any CPU.Build.0 = Release|Any CPU
		{A51503B6-4A31-4B11-BCE8-FDABFC345522}.Release|x64.ActiveCfg = Release|Any CPU
		{A51503B6-4A31-4B11-BCE8-FDABFC345522}.Release|x64.Build.0 = Release|Any CPU
		{A51503B6-4A31-4B11-BCE8-FDABFC345522}.Release|x86.ActiveCfg = Release|Any CPU
		{A51503B6-4A31-4B11-BCE8-FDABFC345522}.Release|x86.Build.0 = Release|Any CPU
		{D761EDFF-6F6F-4C97-B8A0-0E91B71BC9A7}.Debug|Any CPU.ActiveCfg = Debug|Any CPU
		{D761EDFF-6F6F-4C97-B8A0-0E91B71BC9A7}.Debug|Any CPU.Build.0 = Debug|Any CPU
		{D761EDFF-6F6F-4C97-B8A0-0E91B71BC9A7}.Debug|x64.ActiveCfg = Debug|Any CPU
		{D761EDFF-6F6F-4C97-B8A0-0E91B71BC9A7}.Debug|x64.Build.0 = Debug|Any CPU
		{D761EDFF-6F6F-4C97-B8A0-0E91B71BC9A7}.Debug|x86.ActiveCfg = Debug|Any CPU
		{D761EDFF-6F6F-4C97-B8A0-0E91B71BC9A7}.Debug|x86.Build.0 = Debug|Any CPU
		{D761EDFF-6F6F-4C97-B8A0-0E91B71BC9A7}.Release|Any CPU.ActiveCfg = Release|Any CPU
		{D761EDFF-6F6F-4C97-B8A0-0E91B71BC9A7}.Release|Any CPU.Build.0 = Release|Any CPU
		{D761EDFF-6F6F-4C97-B8A0-0E91B71BC9A7}.Release|x64.ActiveCfg = Release|Any CPU
		{D761EDFF-6F6F-4C97-B8A0-0E91B71BC9A7}.Release|x64.Build.0 = Release|Any CPU
		{D761EDFF-6F6F-4C97-B8A0-0E91B71BC9A7}.Release|x86.ActiveCfg = Release|Any CPU
		{D761EDFF-6F6F-4C97-B8A0-0E91B71BC9A7}.Release|x86.Build.0 = Release|Any CPU
		{B7F5888C-A833-4D06-A924-AAA7EA122AB8}.Debug|Any CPU.ActiveCfg = Debug|Any CPU
		{B7F5888C-A833-4D06-A924-AAA7EA122AB8}.Debug|Any CPU.Build.0 = Debug|Any CPU
		{B7F5888C-A833-4D06-A924-AAA7EA122AB8}.Debug|x64.ActiveCfg = Debug|Any CPU
		{B7F5888C-A833-4D06-A924-AAA7EA122AB8}.Debug|x64.Build.0 = Debug|Any CPU
		{B7F5888C-A833-4D06-A924-AAA7EA122AB8}.Debug|x86.ActiveCfg = Debug|Any CPU
		{B7F5888C-A833-4D06-A924-AAA7EA122AB8}.Debug|x86.Build.0 = Debug|Any CPU
		{B7F5888C-A833-4D06-A924-AAA7EA122AB8}.Release|Any CPU.ActiveCfg = Release|Any CPU
		{B7F5888C-A833-4D06-A924-AAA7EA122AB8}.Release|Any CPU.Build.0 = Release|Any CPU
		{B7F5888C-A833-4D06-A924-AAA7EA122AB8}.Release|x64.ActiveCfg = Release|Any CPU
		{B7F5888C-A833-4D06-A924-AAA7EA122AB8}.Release|x64.Build.0 = Release|Any CPU
		{B7F5888C-A833-4D06-A924-AAA7EA122AB8}.Release|x86.ActiveCfg = Release|Any CPU
		{B7F5888C-A833-4D06-A924-AAA7EA122AB8}.Release|x86.Build.0 = Release|Any CPU
		{A9BABB0F-5072-479A-B6FF-8919D0F25ECA}.Debug|Any CPU.ActiveCfg = Debug|Any CPU
		{A9BABB0F-5072-479A-B6FF-8919D0F25ECA}.Debug|Any CPU.Build.0 = Debug|Any CPU
		{A9BABB0F-5072-479A-B6FF-8919D0F25ECA}.Debug|x64.ActiveCfg = Debug|Any CPU
		{A9BABB0F-5072-479A-B6FF-8919D0F25ECA}.Debug|x64.Build.0 = Debug|Any CPU
		{A9BABB0F-5072-479A-B6FF-8919D0F25ECA}.Debug|x86.ActiveCfg = Debug|Any CPU
		{A9BABB0F-5072-479A-B6FF-8919D0F25ECA}.Debug|x86.Build.0 = Debug|Any CPU
		{A9BABB0F-5072-479A-B6FF-8919D0F25ECA}.Release|Any CPU.ActiveCfg = Release|Any CPU
		{A9BABB0F-5072-479A-B6FF-8919D0F25ECA}.Release|Any CPU.Build.0 = Release|Any CPU
		{A9BABB0F-5072-479A-B6FF-8919D0F25ECA}.Release|x64.ActiveCfg = Release|Any CPU
		{A9BABB0F-5072-479A-B6FF-8919D0F25ECA}.Release|x64.Build.0 = Release|Any CPU
		{A9BABB0F-5072-479A-B6FF-8919D0F25ECA}.Release|x86.ActiveCfg = Release|Any CPU
		{A9BABB0F-5072-479A-B6FF-8919D0F25ECA}.Release|x86.Build.0 = Release|Any CPU
		{B8F5888C-A833-4D06-A924-AAA7EA122AB9}.Debug|Any CPU.ActiveCfg = Debug|Any CPU
		{B8F5888C-A833-4D06-A924-AAA7EA122AB9}.Debug|Any CPU.Build.0 = Debug|Any CPU
		{B8F5888C-A833-4D06-A924-AAA7EA122AB9}.Debug|x64.ActiveCfg = Debug|Any CPU
		{B8F5888C-A833-4D06-A924-AAA7EA122AB9}.Debug|x64.Build.0 = Debug|Any CPU
		{B8F5888C-A833-4D06-A924-AAA7EA122AB9}.Debug|x86.ActiveCfg = Debug|Any CPU
		{B8F5888C-A833-4D06-A924-AAA7EA122AB9}.Debug|x86.Build.0 = Debug|Any CPU
		{B8F5888C-A833-4D06-A924-AAA7EA122AB9}.Release|Any CPU.ActiveCfg = Release|Any CPU
		{B8F5888C-A833-4D06-A924-AAA7EA122AB9}.Release|Any CPU.Build.0 = Release|Any CPU
		{B8F5888C-A833-4D06-A924-AAA7EA122AB9}.Release|x64.ActiveCfg = Release|Any CPU
		{B8F5888C-A833-4D06-A924-AAA7EA122AB9}.Release|x64.Build.0 = Release|Any CPU
		{B8F5888C-A833-4D06-A924-AAA7EA122AB9}.Release|x86.ActiveCfg = Release|Any CPU
		{B8F5888C-A833-4D06-A924-AAA7EA122AB9}.Release|x86.Build.0 = Release|Any CPU
		{F1E1D1C1-8C6C-4B7D-9C38-8E2A3B9FAAF2}.Debug|Any CPU.ActiveCfg = Debug|Any CPU
		{F1E1D1C1-8C6C-4B7D-9C38-8E2A3B9FAAF2}.Debug|Any CPU.Build.0 = Debug|Any CPU
		{F1E1D1C1-8C6C-4B7D-9C38-8E2A3B9FAAF2}.Debug|x64.ActiveCfg = Debug|Any CPU
		{F1E1D1C1-8C6C-4B7D-9C38-8E2A3B9FAAF2}.Debug|x64.Build.0 = Debug|Any CPU
		{F1E1D1C1-8C6C-4B7D-9C38-8E2A3B9FAAF2}.Debug|x86.ActiveCfg = Debug|Any CPU
		{F1E1D1C1-8C6C-4B7D-9C38-8E2A3B9FAAF2}.Debug|x86.Build.0 = Debug|Any CPU
		{F1E1D1C1-8C6C-4B7D-9C38-8E2A3B9FAAF2}.Release|Any CPU.ActiveCfg = Release|Any CPU
		{F1E1D1C1-8C6C-4B7D-9C38-8E2A3B9FAAF2}.Release|Any CPU.Build.0 = Release|Any CPU
		{F1E1D1C1-8C6C-4B7D-9C38-8E2A3B9FAAF2}.Release|x64.ActiveCfg = Release|Any CPU
		{F1E1D1C1-8C6C-4B7D-9C38-8E2A3B9FAAF2}.Release|x64.Build.0 = Release|Any CPU
		{F1E1D1C1-8C6C-4B7D-9C38-8E2A3B9FAAF2}.Release|x86.ActiveCfg = Release|Any CPU
		{F1E1D1C1-8C6C-4B7D-9C38-8E2A3B9FAAF2}.Release|x86.Build.0 = Release|Any CPU
		{D5D9A02F-B12C-4CF1-ABCF-9FC073C7657A}.Debug|Any CPU.ActiveCfg = Debug|Any CPU
		{D5D9A02F-B12C-4CF1-ABCF-9FC073C7657A}.Debug|Any CPU.Build.0 = Debug|Any CPU
		{D5D9A02F-B12C-4CF1-ABCF-9FC073C7657A}.Debug|x64.ActiveCfg = Debug|Any CPU
		{D5D9A02F-B12C-4CF1-ABCF-9FC073C7657A}.Debug|x64.Build.0 = Debug|Any CPU
		{D5D9A02F-B12C-4CF1-ABCF-9FC073C7657A}.Debug|x86.ActiveCfg = Debug|Any CPU
		{D5D9A02F-B12C-4CF1-ABCF-9FC073C7657A}.Debug|x86.Build.0 = Debug|Any CPU
		{D5D9A02F-B12C-4CF1-ABCF-9FC073C7657A}.Release|Any CPU.ActiveCfg = Release|Any CPU
		{D5D9A02F-B12C-4CF1-ABCF-9FC073C7657A}.Release|Any CPU.Build.0 = Release|Any CPU
		{D5D9A02F-B12C-4CF1-ABCF-9FC073C7657A}.Release|x64.ActiveCfg = Release|Any CPU
		{D5D9A02F-B12C-4CF1-ABCF-9FC073C7657A}.Release|x64.Build.0 = Release|Any CPU
		{D5D9A02F-B12C-4CF1-ABCF-9FC073C7657A}.Release|x86.ActiveCfg = Release|Any CPU
		{D5D9A02F-B12C-4CF1-ABCF-9FC073C7657A}.Release|x86.Build.0 = Release|Any CPU
		{E1A2B3C4-D5E6-4F78-9A0B-1C2D3E4F5A6B}.Debug|Any CPU.ActiveCfg = Debug|Any CPU
		{E1A2B3C4-D5E6-4F78-9A0B-1C2D3E4F5A6B}.Debug|Any CPU.Build.0 = Debug|Any CPU
		{E1A2B3C4-D5E6-4F78-9A0B-1C2D3E4F5A6B}.Debug|x64.ActiveCfg = Debug|Any CPU
		{E1A2B3C4-D5E6-4F78-9A0B-1C2D3E4F5A6B}.Debug|x64.Build.0 = Debug|Any CPU
		{E1A2B3C4-D5E6-4F78-9A0B-1C2D3E4F5A6B}.Debug|x86.ActiveCfg = Debug|Any CPU
		{E1A2B3C4-D5E6-4F78-9A0B-1C2D3E4F5A6B}.Debug|x86.Build.0 = Debug|Any CPU
		{E1A2B3C4-D5E6-4F78-9A0B-1C2D3E4F5A6B}.Release|Any CPU.ActiveCfg = Release|Any CPU
		{E1A2B3C4-D5E6-4F78-9A0B-1C2D3E4F5A6B}.Release|Any CPU.Build.0 = Release|Any CPU
		{E1A2B3C4-D5E6-4F78-9A0B-1C2D3E4F5A6B}.Release|x64.ActiveCfg = Release|Any CPU
		{E1A2B3C4-D5E6-4F78-9A0B-1C2D3E4F5A6B}.Release|x64.Build.0 = Release|Any CPU
		{E1A2B3C4-D5E6-4F78-9A0B-1C2D3E4F5A6B}.Release|x86.ActiveCfg = Release|Any CPU
		{E1A2B3C4-D5E6-4F78-9A0B-1C2D3E4F5A6B}.Release|x86.Build.0 = Release|Any CPU
		{F2B3C4D5-E6F7-4A89-0B1C-2D3E4F5A6B7C}.Debug|Any CPU.ActiveCfg = Debug|Any CPU
		{F2B3C4D5-E6F7-4A89-0B1C-2D3E4F5A6B7C}.Debug|Any CPU.Build.0 = Debug|Any CPU
		{F2B3C4D5-E6F7-4A89-0B1C-2D3E4F5A6B7C}.Debug|x64.ActiveCfg = Debug|Any CPU
		{F2B3C4D5-E6F7-4A89-0B1C-2D3E4F5A6B7C}.Debug|x64.Build.0 = Debug|Any CPU
		{F2B3C4D5-E6F7-4A89-0B1C-2D3E4F5A6B7C}.Debug|x86.ActiveCfg = Debug|Any CPU
		{F2B3C4D5-E6F7-4A89-0B1C-2D3E4F5A6B7C}.Debug|x86.Build.0 = Debug|Any CPU
		{F2B3C4D5-E6F7-4A89-0B1C-2D3E4F5A6B7C}.Release|Any CPU.ActiveCfg = Release|Any CPU
		{F2B3C4D5-E6F7-4A89-0B1C-2D3E4F5A6B7C}.Release|Any CPU.Build.0 = Release|Any CPU
		{F2B3C4D5-E6F7-4A89-0B1C-2D3E4F5A6B7C}.Release|x64.ActiveCfg = Release|Any CPU
		{F2B3C4D5-E6F7-4A89-0B1C-2D3E4F5A6B7C}.Release|x64.Build.0 = Release|Any CPU
		{F2B3C4D5-E6F7-4A89-0B1C-2D3E4F5A6B7C}.Release|x86.ActiveCfg = Release|Any CPU
		{F2B3C4D5-E6F7-4A89-0B1C-2D3E4F5A6B7C}.Release|x86.Build.0 = Release|Any CPU
		{590CCBC1-3445-4888-8ED3-F277EE442B9B}.Debug|Any CPU.ActiveCfg = Debug|Any CPU
		{590CCBC1-3445-4888-8ED3-F277EE442B9B}.Debug|Any CPU.Build.0 = Debug|Any CPU
		{590CCBC1-3445-4888-8ED3-F277EE442B9B}.Debug|x64.ActiveCfg = Debug|Any CPU
		{590CCBC1-3445-4888-8ED3-F277EE442B9B}.Debug|x64.Build.0 = Debug|Any CPU
		{590CCBC1-3445-4888-8ED3-F277EE442B9B}.Debug|x86.ActiveCfg = Debug|Any CPU
		{590CCBC1-3445-4888-8ED3-F277EE442B9B}.Debug|x86.Build.0 = Debug|Any CPU
		{590CCBC1-3445-4888-8ED3-F277EE442B9B}.Release|Any CPU.ActiveCfg = Release|Any CPU
		{590CCBC1-3445-4888-8ED3-F277EE442B9B}.Release|Any CPU.Build.0 = Release|Any CPU
		{590CCBC1-3445-4888-8ED3-F277EE442B9B}.Release|x64.ActiveCfg = Release|Any CPU
		{590CCBC1-3445-4888-8ED3-F277EE442B9B}.Release|x64.Build.0 = Release|Any CPU
		{590CCBC1-3445-4888-8ED3-F277EE442B9B}.Release|x86.ActiveCfg = Release|Any CPU
		{590CCBC1-3445-4888-8ED3-F277EE442B9B}.Release|x86.Build.0 = Release|Any CPU
		{AB283E7F-B093-4752-AE98-9D3480B7E822}.Debug|Any CPU.ActiveCfg = Debug|Any CPU
		{AB283E7F-B093-4752-AE98-9D3480B7E822}.Debug|Any CPU.Build.0 = Debug|Any CPU
		{AB283E7F-B093-4752-AE98-9D3480B7E822}.Debug|x64.ActiveCfg = Debug|Any CPU
		{AB283E7F-B093-4752-AE98-9D3480B7E822}.Debug|x64.Build.0 = Debug|Any CPU
		{AB283E7F-B093-4752-AE98-9D3480B7E822}.Debug|x86.ActiveCfg = Debug|Any CPU
		{AB283E7F-B093-4752-AE98-9D3480B7E822}.Debug|x86.Build.0 = Debug|Any CPU
		{AB283E7F-B093-4752-AE98-9D3480B7E822}.Release|Any CPU.ActiveCfg = Release|Any CPU
		{AB283E7F-B093-4752-AE98-9D3480B7E822}.Release|Any CPU.Build.0 = Release|Any CPU
		{AB283E7F-B093-4752-AE98-9D3480B7E822}.Release|x64.ActiveCfg = Release|Any CPU
		{AB283E7F-B093-4752-AE98-9D3480B7E822}.Release|x64.Build.0 = Release|Any CPU
		{AB283E7F-B093-4752-AE98-9D3480B7E822}.Release|x86.ActiveCfg = Release|Any CPU
		{AB283E7F-B093-4752-AE98-9D3480B7E822}.Release|x86.Build.0 = Release|Any CPU
		{7B361F91-7692-4F02-A6FA-9902E9528311}.Debug|Any CPU.ActiveCfg = Debug|Any CPU
		{7B361F91-7692-4F02-A6FA-9902E9528311}.Debug|Any CPU.Build.0 = Debug|Any CPU
		{7B361F91-7692-4F02-A6FA-9902E9528311}.Debug|x64.ActiveCfg = Debug|Any CPU
		{7B361F91-7692-4F02-A6FA-9902E9528311}.Debug|x64.Build.0 = Debug|Any CPU
		{7B361F91-7692-4F02-A6FA-9902E9528311}.Debug|x86.ActiveCfg = Debug|Any CPU
		{7B361F91-7692-4F02-A6FA-9902E9528311}.Debug|x86.Build.0 = Debug|Any CPU
		{7B361F91-7692-4F02-A6FA-9902E9528311}.Release|Any CPU.ActiveCfg = Release|Any CPU
		{7B361F91-7692-4F02-A6FA-9902E9528311}.Release|Any CPU.Build.0 = Release|Any CPU
		{7B361F91-7692-4F02-A6FA-9902E9528311}.Release|x64.ActiveCfg = Release|Any CPU
		{7B361F91-7692-4F02-A6FA-9902E9528311}.Release|x64.Build.0 = Release|Any CPU
		{7B361F91-7692-4F02-A6FA-9902E9528311}.Release|x86.ActiveCfg = Release|Any CPU
		{7B361F91-7692-4F02-A6FA-9902E9528311}.Release|x86.Build.0 = Release|Any CPU
		{2F16F981-E9A9-45D2-A722-8E6E1E15C11E}.Debug|Any CPU.ActiveCfg = Debug|Any CPU
		{2F16F981-E9A9-45D2-A722-8E6E1E15C11E}.Debug|Any CPU.Build.0 = Debug|Any CPU
		{2F16F981-E9A9-45D2-A722-8E6E1E15C11E}.Debug|x64.ActiveCfg = Debug|Any CPU
		{2F16F981-E9A9-45D2-A722-8E6E1E15C11E}.Debug|x64.Build.0 = Debug|Any CPU
		{2F16F981-E9A9-45D2-A722-8E6E1E15C11E}.Debug|x86.ActiveCfg = Debug|Any CPU
		{2F16F981-E9A9-45D2-A722-8E6E1E15C11E}.Debug|x86.Build.0 = Debug|Any CPU
		{2F16F981-E9A9-45D2-A722-8E6E1E15C11E}.Release|Any CPU.ActiveCfg = Release|Any CPU
		{2F16F981-E9A9-45D2-A722-8E6E1E15C11E}.Release|Any CPU.Build.0 = Release|Any CPU
		{2F16F981-E9A9-45D2-A722-8E6E1E15C11E}.Release|x64.ActiveCfg = Release|Any CPU
		{2F16F981-E9A9-45D2-A722-8E6E1E15C11E}.Release|x64.Build.0 = Release|Any CPU
		{2F16F981-E9A9-45D2-A722-8E6E1E15C11E}.Release|x86.ActiveCfg = Release|Any CPU
		{2F16F981-E9A9-45D2-A722-8E6E1E15C11E}.Release|x86.Build.0 = Release|Any CPU
		{51111309-D08E-4B05-BD41-C6BE1017DE98}.Debug|Any CPU.ActiveCfg = Debug|Any CPU
		{51111309-D08E-4B05-BD41-C6BE1017DE98}.Debug|Any CPU.Build.0 = Debug|Any CPU
		{51111309-D08E-4B05-BD41-C6BE1017DE98}.Debug|x64.ActiveCfg = Debug|Any CPU
		{51111309-D08E-4B05-BD41-C6BE1017DE98}.Debug|x64.Build.0 = Debug|Any CPU
		{51111309-D08E-4B05-BD41-C6BE1017DE98}.Debug|x86.ActiveCfg = Debug|Any CPU
		{51111309-D08E-4B05-BD41-C6BE1017DE98}.Debug|x86.Build.0 = Debug|Any CPU
		{51111309-D08E-4B05-BD41-C6BE1017DE98}.Release|Any CPU.ActiveCfg = Release|Any CPU
		{51111309-D08E-4B05-BD41-C6BE1017DE98}.Release|Any CPU.Build.0 = Release|Any CPU
		{51111309-D08E-4B05-BD41-C6BE1017DE98}.Release|x64.ActiveCfg = Release|Any CPU
		{51111309-D08E-4B05-BD41-C6BE1017DE98}.Release|x64.Build.0 = Release|Any CPU
		{51111309-D08E-4B05-BD41-C6BE1017DE98}.Release|x86.ActiveCfg = Release|Any CPU
		{51111309-D08E-4B05-BD41-C6BE1017DE98}.Release|x86.Build.0 = Release|Any CPU
		{2E67AB1D-82F9-4A78-8173-404C8687ED5A}.Debug|Any CPU.ActiveCfg = Debug|Any CPU
		{2E67AB1D-82F9-4A78-8173-404C8687ED5A}.Debug|Any CPU.Build.0 = Debug|Any CPU
		{2E67AB1D-82F9-4A78-8173-404C8687ED5A}.Debug|x64.ActiveCfg = Debug|Any CPU
		{2E67AB1D-82F9-4A78-8173-404C8687ED5A}.Debug|x64.Build.0 = Debug|Any CPU
		{2E67AB1D-82F9-4A78-8173-404C8687ED5A}.Debug|x86.ActiveCfg = Debug|Any CPU
		{2E67AB1D-82F9-4A78-8173-404C8687ED5A}.Debug|x86.Build.0 = Debug|Any CPU
		{2E67AB1D-82F9-4A78-8173-404C8687ED5A}.Release|Any CPU.ActiveCfg = Release|Any CPU
		{2E67AB1D-82F9-4A78-8173-404C8687ED5A}.Release|Any CPU.Build.0 = Release|Any CPU
		{2E67AB1D-82F9-4A78-8173-404C8687ED5A}.Release|x64.ActiveCfg = Release|Any CPU
		{2E67AB1D-82F9-4A78-8173-404C8687ED5A}.Release|x64.Build.0 = Release|Any CPU
		{2E67AB1D-82F9-4A78-8173-404C8687ED5A}.Release|x86.ActiveCfg = Release|Any CPU
		{2E67AB1D-82F9-4A78-8173-404C8687ED5A}.Release|x86.Build.0 = Release|Any CPU
		{FBCDA65F-D7BB-475A-A3DA-1EEEFAAA777C}.Debug|Any CPU.ActiveCfg = Debug|Any CPU
		{FBCDA65F-D7BB-475A-A3DA-1EEEFAAA777C}.Debug|Any CPU.Build.0 = Debug|Any CPU
		{FBCDA65F-D7BB-475A-A3DA-1EEEFAAA777C}.Debug|x64.ActiveCfg = Debug|Any CPU
		{FBCDA65F-D7BB-475A-A3DA-1EEEFAAA777C}.Debug|x64.Build.0 = Debug|Any CPU
		{FBCDA65F-D7BB-475A-A3DA-1EEEFAAA777C}.Debug|x86.ActiveCfg = Debug|Any CPU
		{FBCDA65F-D7BB-475A-A3DA-1EEEFAAA777C}.Debug|x86.Build.0 = Debug|Any CPU
		{FBCDA65F-D7BB-475A-A3DA-1EEEFAAA777C}.Release|Any CPU.ActiveCfg = Release|Any CPU
		{FBCDA65F-D7BB-475A-A3DA-1EEEFAAA777C}.Release|Any CPU.Build.0 = Release|Any CPU
		{FBCDA65F-D7BB-475A-A3DA-1EEEFAAA777C}.Release|x64.ActiveCfg = Release|Any CPU
		{FBCDA65F-D7BB-475A-A3DA-1EEEFAAA777C}.Release|x64.Build.0 = Release|Any CPU
		{FBCDA65F-D7BB-475A-A3DA-1EEEFAAA777C}.Release|x86.ActiveCfg = Release|Any CPU
		{FBCDA65F-D7BB-475A-A3DA-1EEEFAAA777C}.Release|x86.Build.0 = Release|Any CPU
		{178DBE11-0ED1-4EFC-8241-3042E282D6DD}.Debug|Any CPU.ActiveCfg = Debug|Any CPU
		{178DBE11-0ED1-4EFC-8241-3042E282D6DD}.Debug|Any CPU.Build.0 = Debug|Any CPU
		{178DBE11-0ED1-4EFC-8241-3042E282D6DD}.Debug|x64.ActiveCfg = Debug|Any CPU
		{178DBE11-0ED1-4EFC-8241-3042E282D6DD}.Debug|x64.Build.0 = Debug|Any CPU
		{178DBE11-0ED1-4EFC-8241-3042E282D6DD}.Debug|x86.ActiveCfg = Debug|Any CPU
		{178DBE11-0ED1-4EFC-8241-3042E282D6DD}.Debug|x86.Build.0 = Debug|Any CPU
		{178DBE11-0ED1-4EFC-8241-3042E282D6DD}.Release|Any CPU.ActiveCfg = Release|Any CPU
		{178DBE11-0ED1-4EFC-8241-3042E282D6DD}.Release|Any CPU.Build.0 = Release|Any CPU
		{178DBE11-0ED1-4EFC-8241-3042E282D6DD}.Release|x64.ActiveCfg = Release|Any CPU
		{178DBE11-0ED1-4EFC-8241-3042E282D6DD}.Release|x64.Build.0 = Release|Any CPU
		{178DBE11-0ED1-4EFC-8241-3042E282D6DD}.Release|x86.ActiveCfg = Release|Any CPU
		{178DBE11-0ED1-4EFC-8241-3042E282D6DD}.Release|x86.Build.0 = Release|Any CPU
		{D7177044-2BEC-447C-8026-2C010667D62F}.Debug|Any CPU.ActiveCfg = Debug|Any CPU
		{D7177044-2BEC-447C-8026-2C010667D62F}.Debug|Any CPU.Build.0 = Debug|Any CPU
		{D7177044-2BEC-447C-8026-2C010667D62F}.Debug|x64.ActiveCfg = Debug|Any CPU
		{D7177044-2BEC-447C-8026-2C010667D62F}.Debug|x64.Build.0 = Debug|Any CPU
		{D7177044-2BEC-447C-8026-2C010667D62F}.Debug|x86.ActiveCfg = Debug|Any CPU
		{D7177044-2BEC-447C-8026-2C010667D62F}.Debug|x86.Build.0 = Debug|Any CPU
		{D7177044-2BEC-447C-8026-2C010667D62F}.Release|Any CPU.ActiveCfg = Release|Any CPU
		{D7177044-2BEC-447C-8026-2C010667D62F}.Release|Any CPU.Build.0 = Release|Any CPU
		{D7177044-2BEC-447C-8026-2C010667D62F}.Release|x64.ActiveCfg = Release|Any CPU
		{D7177044-2BEC-447C-8026-2C010667D62F}.Release|x64.Build.0 = Release|Any CPU
		{D7177044-2BEC-447C-8026-2C010667D62F}.Release|x86.ActiveCfg = Release|Any CPU
		{D7177044-2BEC-447C-8026-2C010667D62F}.Release|x86.Build.0 = Release|Any CPU
		{8055928C-3505-4366-8E9A-8356DF8A317F}.Debug|Any CPU.ActiveCfg = Debug|Any CPU
		{8055928C-3505-4366-8E9A-8356DF8A317F}.Debug|Any CPU.Build.0 = Debug|Any CPU
		{8055928C-3505-4366-8E9A-8356DF8A317F}.Debug|x64.ActiveCfg = Debug|Any CPU
		{8055928C-3505-4366-8E9A-8356DF8A317F}.Debug|x64.Build.0 = Debug|Any CPU
		{8055928C-3505-4366-8E9A-8356DF8A317F}.Debug|x86.ActiveCfg = Debug|Any CPU
		{8055928C-3505-4366-8E9A-8356DF8A317F}.Debug|x86.Build.0 = Debug|Any CPU
		{8055928C-3505-4366-8E9A-8356DF8A317F}.Release|Any CPU.ActiveCfg = Release|Any CPU
		{8055928C-3505-4366-8E9A-8356DF8A317F}.Release|Any CPU.Build.0 = Release|Any CPU
		{8055928C-3505-4366-8E9A-8356DF8A317F}.Release|x64.ActiveCfg = Release|Any CPU
		{8055928C-3505-4366-8E9A-8356DF8A317F}.Release|x64.Build.0 = Release|Any CPU
		{8055928C-3505-4366-8E9A-8356DF8A317F}.Release|x86.ActiveCfg = Release|Any CPU
		{8055928C-3505-4366-8E9A-8356DF8A317F}.Release|x86.Build.0 = Release|Any CPU
		{FAFE5FE2-8C32-4C14-8030-AF4A674FD9DC}.Debug|Any CPU.ActiveCfg = Debug|Any CPU
		{FAFE5FE2-8C32-4C14-8030-AF4A674FD9DC}.Debug|Any CPU.Build.0 = Debug|Any CPU
		{FAFE5FE2-8C32-4C14-8030-AF4A674FD9DC}.Debug|x64.ActiveCfg = Debug|Any CPU
		{FAFE5FE2-8C32-4C14-8030-AF4A674FD9DC}.Debug|x64.Build.0 = Debug|Any CPU
		{FAFE5FE2-8C32-4C14-8030-AF4A674FD9DC}.Debug|x86.ActiveCfg = Debug|Any CPU
		{FAFE5FE2-8C32-4C14-8030-AF4A674FD9DC}.Debug|x86.Build.0 = Debug|Any CPU
		{FAFE5FE2-8C32-4C14-8030-AF4A674FD9DC}.Release|Any CPU.ActiveCfg = Release|Any CPU
		{FAFE5FE2-8C32-4C14-8030-AF4A674FD9DC}.Release|Any CPU.Build.0 = Release|Any CPU
		{FAFE5FE2-8C32-4C14-8030-AF4A674FD9DC}.Release|x64.ActiveCfg = Release|Any CPU
		{FAFE5FE2-8C32-4C14-8030-AF4A674FD9DC}.Release|x64.Build.0 = Release|Any CPU
		{FAFE5FE2-8C32-4C14-8030-AF4A674FD9DC}.Release|x86.ActiveCfg = Release|Any CPU
		{FAFE5FE2-8C32-4C14-8030-AF4A674FD9DC}.Release|x86.Build.0 = Release|Any CPU
		{73C0217D-97F4-4F98-90F1-9963ADFE8185}.Debug|Any CPU.ActiveCfg = Debug|Any CPU
		{73C0217D-97F4-4F98-90F1-9963ADFE8185}.Debug|Any CPU.Build.0 = Debug|Any CPU
		{73C0217D-97F4-4F98-90F1-9963ADFE8185}.Debug|x64.ActiveCfg = Debug|Any CPU
		{73C0217D-97F4-4F98-90F1-9963ADFE8185}.Debug|x64.Build.0 = Debug|Any CPU
		{73C0217D-97F4-4F98-90F1-9963ADFE8185}.Debug|x86.ActiveCfg = Debug|Any CPU
		{73C0217D-97F4-4F98-90F1-9963ADFE8185}.Debug|x86.Build.0 = Debug|Any CPU
		{73C0217D-97F4-4F98-90F1-9963ADFE8185}.Release|Any CPU.ActiveCfg = Release|Any CPU
		{73C0217D-97F4-4F98-90F1-9963ADFE8185}.Release|Any CPU.Build.0 = Release|Any CPU
		{73C0217D-97F4-4F98-90F1-9963ADFE8185}.Release|x64.ActiveCfg = Release|Any CPU
		{73C0217D-97F4-4F98-90F1-9963ADFE8185}.Release|x64.Build.0 = Release|Any CPU
		{73C0217D-97F4-4F98-90F1-9963ADFE8185}.Release|x86.ActiveCfg = Release|Any CPU
		{73C0217D-97F4-4F98-90F1-9963ADFE8185}.Release|x86.Build.0 = Release|Any CPU
		{68EEE893-0B81-4652-993B-1147ED3BD91E}.Debug|Any CPU.ActiveCfg = Debug|Any CPU
		{68EEE893-0B81-4652-993B-1147ED3BD91E}.Debug|Any CPU.Build.0 = Debug|Any CPU
		{68EEE893-0B81-4652-993B-1147ED3BD91E}.Debug|x64.ActiveCfg = Debug|Any CPU
		{68EEE893-0B81-4652-993B-1147ED3BD91E}.Debug|x64.Build.0 = Debug|Any CPU
		{68EEE893-0B81-4652-993B-1147ED3BD91E}.Debug|x86.ActiveCfg = Debug|Any CPU
		{68EEE893-0B81-4652-993B-1147ED3BD91E}.Debug|x86.Build.0 = Debug|Any CPU
		{68EEE893-0B81-4652-993B-1147ED3BD91E}.Release|Any CPU.ActiveCfg = Release|Any CPU
		{68EEE893-0B81-4652-993B-1147ED3BD91E}.Release|Any CPU.Build.0 = Release|Any CPU
		{68EEE893-0B81-4652-993B-1147ED3BD91E}.Release|x64.ActiveCfg = Release|Any CPU
		{68EEE893-0B81-4652-993B-1147ED3BD91E}.Release|x64.Build.0 = Release|Any CPU
		{68EEE893-0B81-4652-993B-1147ED3BD91E}.Release|x86.ActiveCfg = Release|Any CPU
		{68EEE893-0B81-4652-993B-1147ED3BD91E}.Release|x86.Build.0 = Release|Any CPU
		{400705E8-89BC-4DB0-A05A-68DABED7EE5E}.Debug|Any CPU.ActiveCfg = Debug|Any CPU
		{400705E8-89BC-4DB0-A05A-68DABED7EE5E}.Debug|Any CPU.Build.0 = Debug|Any CPU
		{400705E8-89BC-4DB0-A05A-68DABED7EE5E}.Debug|x64.ActiveCfg = Debug|Any CPU
		{400705E8-89BC-4DB0-A05A-68DABED7EE5E}.Debug|x64.Build.0 = Debug|Any CPU
		{400705E8-89BC-4DB0-A05A-68DABED7EE5E}.Debug|x86.ActiveCfg = Debug|Any CPU
		{400705E8-89BC-4DB0-A05A-68DABED7EE5E}.Debug|x86.Build.0 = Debug|Any CPU
		{400705E8-89BC-4DB0-A05A-68DABED7EE5E}.Release|Any CPU.ActiveCfg = Release|Any CPU
		{400705E8-89BC-4DB0-A05A-68DABED7EE5E}.Release|Any CPU.Build.0 = Release|Any CPU
		{400705E8-89BC-4DB0-A05A-68DABED7EE5E}.Release|x64.ActiveCfg = Release|Any CPU
		{400705E8-89BC-4DB0-A05A-68DABED7EE5E}.Release|x64.Build.0 = Release|Any CPU
		{400705E8-89BC-4DB0-A05A-68DABED7EE5E}.Release|x86.ActiveCfg = Release|Any CPU
		{400705E8-89BC-4DB0-A05A-68DABED7EE5E}.Release|x86.Build.0 = Release|Any CPU
	EndGlobalSection
	GlobalSection(SolutionProperties) = preSolution
		HideSolutionNode = FALSE
	EndGlobalSection
	GlobalSection(NestedProjects) = preSolution
		{A51503B6-4A31-4B11-BCE8-FDABFC345522} = {91B80139-2A7B-4E18-9DE6-988C595E8DF2}
		{D761EDFF-6F6F-4C97-B8A0-0E91B71BC9A7} = {91B80139-2A7B-4E18-9DE6-988C595E8DF2}
		{B7F5888C-A833-4D06-A924-AAA7EA122AB8} = {91B80139-2A7B-4E18-9DE6-988C595E8DF2}
		{A9BABB0F-5072-479A-B6FF-8919D0F25ECA} = {8E88254D-F281-406C-BC49-73F9496694F1}
		{B8F5888C-A833-4D06-A924-AAA7EA122AB9} = {8E88254D-F281-406C-BC49-73F9496694F1}
		{F1E1D1C1-8C6C-4B7D-9C38-8E2A3B9FAAF2} = {CA6A6F2F-E6CA-4864-BE48-1B7584E63C37}
		{D5D9A02F-B12C-4CF1-ABCF-9FC073C7657A} = {91B80139-2A7B-4E18-9DE6-988C595E8DF2}
		{E1A2B3C4-D5E6-4F78-9A0B-1C2D3E4F5A6B} = {91B80139-2A7B-4E18-9DE6-988C595E8DF2}
		{F2B3C4D5-E6F7-4A89-0B1C-2D3E4F5A6B7C} = {91B80139-2A7B-4E18-9DE6-988C595E8DF2}
		{590CCBC1-3445-4888-8ED3-F277EE442B9B} = {91B80139-2A7B-4E18-9DE6-988C595E8DF2}
		{AB283E7F-B093-4752-AE98-9D3480B7E822} = {8E88254D-F281-406C-BC49-73F9496694F1}
		{1C27213A-37EF-46CC-9983-275BC07EE158} = {91B80139-2A7B-4E18-9DE6-988C595E8DF2}
		{7B361F91-7692-4F02-A6FA-9902E9528311} = {1C27213A-37EF-46CC-9983-275BC07EE158}
		{2F16F981-E9A9-45D2-A722-8E6E1E15C11E} = {1C27213A-37EF-46CC-9983-275BC07EE158}
		{51111309-D08E-4B05-BD41-C6BE1017DE98} = {1C27213A-37EF-46CC-9983-275BC07EE158}
		{2E67AB1D-82F9-4A78-8173-404C8687ED5A} = {1C27213A-37EF-46CC-9983-275BC07EE158}
		{FBCDA65F-D7BB-475A-A3DA-1EEEFAAA777C} = {1C27213A-37EF-46CC-9983-275BC07EE158}
		{178DBE11-0ED1-4EFC-8241-3042E282D6DD} = {1C27213A-37EF-46CC-9983-275BC07EE158}
		{D7177044-2BEC-447C-8026-2C010667D62F} = {8E88254D-F281-406C-BC49-73F9496694F1}
		{8055928C-3505-4366-8E9A-8356DF8A317F} = {8E88254D-F281-406C-BC49-73F9496694F1}
		{FAFE5FE2-8C32-4C14-8030-AF4A674FD9DC} = {8E88254D-F281-406C-BC49-73F9496694F1}
		{73C0217D-97F4-4F98-90F1-9963ADFE8185} = {8E88254D-F281-406C-BC49-73F9496694F1}
		{68EEE893-0B81-4652-993B-1147ED3BD91E} = {8E88254D-F281-406C-BC49-73F9496694F1}
		{400705E8-89BC-4DB0-A05A-68DABED7EE5E} = {8E88254D-F281-406C-BC49-73F9496694F1}
	EndGlobalSection
	GlobalSection(ExtensibilityGlobals) = postSolution
		SolutionGuid = {43E7BDE5-D5F4-4CEB-B1F3-21182FC5B3D8}
	EndGlobalSection
EndGlobal
